
Microsoft Visual Studio Solution File, Format Version 12.00
# Visual Studio Version 17
VisualStudioVersion = 17.5.33530.505
MinimumVisualStudioVersion = 10.0.40219.1
Project("{FAE04EC0-301F-11D3-BF4B-00C04F79EFBC}") = "LanguageEditor", "LanguageEditor\LanguageEditor.csproj", "{ADCB96A1-A24A-4BB8-B2D4-7231C00C68FD}"
EndProject
Global
	GlobalSection(SolutionConfigurationPlatforms) = preSolution
		Debug|Any CPU = Debug|Any CPU
		Release|Any CPU = Release|Any CPU
	EndGlobalSection
	GlobalSection(ProjectConfigurationPlatforms) = postSolution
		{ADCB96A1-A24A-4BB8-B2D4-7231C00C68FD}.Debug|Any CPU.ActiveCfg = Debug|Any CPU
		{ADCB96A1-A24A-4BB8-B2D4-7231C00C68FD}.Debug|Any CPU.Build.0 = Debug|Any CPU
		{ADCB96A1-A24A-4BB8-B2D4-7231C00C68FD}.Release|Any CPU.ActiveCfg = Release|Any CPU
		{ADCB96A1-A24A-4BB8-B2D4-7231C00C68FD}.Release|Any CPU.Build.0 = Release|Any CPU
	EndGlobalSection
	GlobalSection(SolutionProperties) = preSolution
		HideSolutionNode = FALSE
	EndGlobalSection
	GlobalSection(ExtensibilityGlobals) = postSolution
		SolutionGuid = {21C544C1-CE9E-4D7A-9CFA-650B730C24A5}
	EndGlobalSection
EndGlobal
